// !$*UTF8*$!
{
	archiveVersion = 1;
	classes = {
	};
	objectVersion = 55;
	objects = {

/* Begin PBXBuildFile section */
		69A1A26229A5085300AC9477 /* AppDelegate.swift in Sources */ = {isa = PBXBuildFile; fileRef = 69A1A26129A5085300AC9477 /* AppDelegate.swift */; };
		69A1A26429A5085300AC9477 /* SceneDelegate.swift in Sources */ = {isa = PBXBuildFile; fileRef = 69A1A26329A5085300AC9477 /* SceneDelegate.swift */; };
		69A1A26629A5085300AC9477 /* ViewController.swift in Sources */ = {isa = PBXBuildFile; fileRef = 69A1A26529A5085300AC9477 /* ViewController.swift */; };
		69A1A26929A5085300AC9477 /* Main.storyboard in Resources */ = {isa = PBXBuildFile; fileRef = 69A1A26729A5085300AC9477 /* Main.storyboard */; };
		69A1A26B29A5085700AC9477 /* Assets.xcassets in Resources */ = {isa = PBXBuildFile; fileRef = 69A1A26A29A5085700AC9477 /* Assets.xcassets */; };
		69A1A26E29A5085700AC9477 /* LaunchScreen.storyboard in Resources */ = {isa = PBXBuildFile; fileRef = 69A1A26C29A5085700AC9477 /* LaunchScreen.storyboard */; };
		69A1A27929A5085800AC9477 /* Image_AppTests.swift in Sources */ = {isa = PBXBuildFile; fileRef = 69A1A27829A5085800AC9477 /* Image_AppTests.swift */; };
		69A1A28329A5085800AC9477 /* Image_AppUITests.swift in Sources */ = {isa = PBXBuildFile; fileRef = 69A1A28229A5085800AC9477 /* Image_AppUITests.swift */; };
		69A1A28529A5085800AC9477 /* Image_AppUITestsLaunchTests.swift in Sources */ = {isa = PBXBuildFile; fileRef = 69A1A28429A5085800AC9477 /* Image_AppUITestsLaunchTests.swift */; };
/* End PBXBuildFile section */

/* Begin PBXContainerItemProxy section */
		69A1A27529A5085800AC9477 /* PBXContainerItemProxy */ = {
			isa = PBXContainerItemProxy;
			containerPortal = 69A1A25629A5085300AC9477 /* Project object */;
			proxyType = 1;
			remoteGlobalIDString = 69A1A25D29A5085300AC9477;
			remoteInfo = "Image App";
		};
		69A1A27F29A5085800AC9477 /* PBXContainerItemProxy */ = {
			isa = PBXContainerItemProxy;
			containerPortal = 69A1A25629A5085300AC9477 /* Project object */;
			proxyType = 1;
			remoteGlobalIDString = 69A1A25D29A5085300AC9477;
			remoteInfo = "Image App";
		};
/* End PBXContainerItemProxy section */

/* Begin PBXFileReference section */
		69A1A25E29A5085300AC9477 /* Image App.app */ = {isa = PBXFileReference; explicitFileType = wrapper.application; includeInIndex = 0; path = "Image App.app"; sourceTree = BUILT_PRODUCTS_DIR; };
		69A1A26129A5085300AC9477 /* AppDelegate.swift */ = {isa = PBXFileReference; lastKnownFileType = sourcecode.swift; path = AppDelegate.swift; sourceTree = "<group>"; };
		69A1A26329A5085300AC9477 /* SceneDelegate.swift */ = {isa = PBXFileReference; lastKnownFileType = sourcecode.swift; path = SceneDelegate.swift; sourceTree = "<group>"; };
		69A1A26529A5085300AC9477 /* ViewController.swift */ = {isa = PBXFileReference; lastKnownFileType = sourcecode.swift; path = ViewController.swift; sourceTree = "<group>"; };
		69A1A26829A5085300AC9477 /* Base */ = {isa = PBXFileReference; lastKnownFileType = file.storyboard; name = Base; path = Base.lproj/Main.storyboard; sourceTree = "<group>"; };
		69A1A26A29A5085700AC9477 /* Assets.xcassets */ = {isa = PBXFileReference; lastKnownFileType = folder.assetcatalog; path = Assets.xcassets; sourceTree = "<group>"; };
		69A1A26D29A5085700AC9477 /* Base */ = {isa = PBXFileReference; lastKnownFileType = file.storyboard; name = Base; path = Base.lproj/LaunchScreen.storyboard; sourceTree = "<group>"; };
		69A1A26F29A5085700AC9477 /* Info.plist */ = {isa = PBXFileReference; lastKnownFileType = text.plist.xml; path = Info.plist; sourceTree = "<group>"; };
		69A1A27429A5085800AC9477 /* Image AppTests.xctest */ = {isa = PBXFileReference; explicitFileType = wrapper.cfbundle; includeInIndex = 0; path = "Image AppTests.xctest"; sourceTree = BUILT_PRODUCTS_DIR; };
		69A1A27829A5085800AC9477 /* Image_AppTests.swift */ = {isa = PBXFileReference; lastKnownFileType = sourcecode.swift; path = Image_AppTests.swift; sourceTree = "<group>"; };
		69A1A27E29A5085800AC9477 /* Image AppUITests.xctest */ = {isa = PBXFileReference; explicitFileType = wrapper.cfbundle; includeInIndex = 0; path = "Image AppUITests.xctest"; sourceTree = BUILT_PRODUCTS_DIR; };
		69A1A28229A5085800AC9477 /* Image_AppUITests.swift */ = {isa = PBXFileReference; lastKnownFileType = sourcecode.swift; path = Image_AppUITests.swift; sourceTree = "<group>"; };
		69A1A28429A5085800AC9477 /* Image_AppUITestsLaunchTests.swift */ = {isa = PBXFileReference; lastKnownFileType = sourcecode.swift; path = Image_AppUITestsLaunchTests.swift; sourceTree = "<group>"; };
/* End PBXFileReference section */

/* Begin PBXFrameworksBuildPhase section */
		69A1A25B29A5085300AC9477 /* Frameworks */ = {
			isa = PBXFrameworksBuildPhase;
			buildActionMask = 2147483647;
			files = (
			);
			runOnlyForDeploymentPostprocessing = 0;
		};
		69A1A27129A5085800AC9477 /* Frameworks */ = {
			isa = PBXFrameworksBuildPhase;
			buildActionMask = 2147483647;
			files = (
			);
			runOnlyForDeploymentPostprocessing = 0;
		};
		69A1A27B29A5085800AC9477 /* Frameworks */ = {
			isa = PBXFrameworksBuildPhase;
			buildActionMask = 2147483647;
			files = (
			);
			runOnlyForDeploymentPostprocessing = 0;
		};
/* End PBXFrameworksBuildPhase section */

/* Begin PBXGroup section */
		69A1A25529A5085300AC9477 = {
			isa = PBXGroup;
			children = (
				69A1A26029A5085300AC9477 /* Image App */,
				69A1A27729A5085800AC9477 /* Image AppTests */,
				69A1A28129A5085800AC9477 /* Image AppUITests */,
				69A1A25F29A5085300AC9477 /* Products */,
			);
			sourceTree = "<group>";
		};
		69A1A25F29A5085300AC9477 /* Products */ = {
			isa = PBXGroup;
			children = (
				69A1A25E29A5085300AC9477 /* Image App.app */,
				69A1A27429A5085800AC9477 /* Image AppTests.xctest */,
				69A1A27E29A5085800AC9477 /* Image AppUITests.xctest */,
			);
			name = Products;
			sourceTree = "<group>";
		};
		69A1A26029A5085300AC9477 /* Image App */ = {
			isa = PBXGroup;
			children = (
				69A1A26129A5085300AC9477 /* AppDelegate.swift */,
				69A1A26329A5085300AC9477 /* SceneDelegate.swift */,
				69A1A26529A5085300AC9477 /* ViewController.swift */,
				69A1A26729A5085300AC9477 /* Main.storyboard */,
				69A1A26A29A5085700AC9477 /* Assets.xcassets */,
				69A1A26C29A5085700AC9477 /* LaunchScreen.storyboard */,
				69A1A26F29A5085700AC9477 /* Info.plist */,
			);
			path = "Image App";
			sourceTree = "<group>";
		};
		69A1A27729A5085800AC9477 /* Image AppTests */ = {
			isa = PBXGroup;
			children = (
				69A1A27829A5085800AC9477 /* Image_AppTests.swift */,
			);
			path = "Image AppTests";
			sourceTree = "<group>";
		};
		69A1A28129A5085800AC9477 /* Image AppUITests */ = {
			isa = PBXGroup;
			children = (
				69A1A28229A5085800AC9477 /* Image_AppUITests.swift */,
				69A1A28429A5085800AC9477 /* Image_AppUITestsLaunchTests.swift */,
			);
			path = "Image AppUITests";
			sourceTree = "<group>";
		};
/* End PBXGroup section */

/* Begin PBXNativeTarget section */
		69A1A25D29A5085300AC9477 /* Image App */ = {
			isa = PBXNativeTarget;
			buildConfigurationList = 69A1A28829A5085800AC9477 /* Build configuration list for PBXNativeTarget "Image App" */;
			buildPhases = (
				69A1A25A29A5085300AC9477 /* Sources */,
				69A1A25B29A5085300AC9477 /* Frameworks */,
				69A1A25C29A5085300AC9477 /* Resources */,
			);
			buildRules = (
			);
			dependencies = (
			);
			name = "Image App";
			productName = "Image App";
			productReference = 69A1A25E29A5085300AC9477 /* Image App.app */;
			productType = "com.apple.product-type.application";
		};
		69A1A27329A5085800AC9477 /* Image AppTests */ = {
			isa = PBXNativeTarget;
			buildConfigurationList = 69A1A28B29A5085800AC9477 /* Build configuration list for PBXNativeTarget "Image AppTests" */;
			buildPhases = (
				69A1A27029A5085800AC9477 /* Sources */,
				69A1A27129A5085800AC9477 /* Frameworks */,
				69A1A27229A5085800AC9477 /* Resources */,
			);
			buildRules = (
			);
			dependencies = (
				69A1A27629A5085800AC9477 /* PBXTargetDependency */,
			);
			name = "Image AppTests";
			productName = "Image AppTests";
			productReference = 69A1A27429A5085800AC9477 /* Image AppTests.xctest */;
			productType = "com.apple.product-type.bundle.unit-test";
		};
		69A1A27D29A5085800AC9477 /* Image AppUITests */ = {
			isa = PBXNativeTarget;
			buildConfigurationList = 69A1A28E29A5085800AC9477 /* Build configuration list for PBXNativeTarget "Image AppUITests" */;
			buildPhases = (
				69A1A27A29A5085800AC9477 /* Sources */,
				69A1A27B29A5085800AC9477 /* Frameworks */,
				69A1A27C29A5085800AC9477 /* Resources */,
			);
			buildRules = (
			);
			dependencies = (
				69A1A28029A5085800AC9477 /* PBXTargetDependency */,
			);
			name = "Image AppUITests";
			productName = "Image AppUITests";
			productReference = 69A1A27E29A5085800AC9477 /* Image AppUITests.xctest */;
			productType = "com.apple.product-type.bundle.ui-testing";
		};
/* End PBXNativeTarget section */

/* Begin PBXProject section */
		69A1A25629A5085300AC9477 /* Project object */ = {
			isa = PBXProject;
			attributes = {
				BuildIndependentTargetsInParallel = 1;
				LastSwiftUpdateCheck = 1340;
				LastUpgradeCheck = 1340;
				TargetAttributes = {
					69A1A25D29A5085300AC9477 = {
						CreatedOnToolsVersion = 13.4.1;
					};
					69A1A27329A5085800AC9477 = {
						CreatedOnToolsVersion = 13.4.1;
						TestTargetID = 69A1A25D29A5085300AC9477;
					};
					69A1A27D29A5085800AC9477 = {
						CreatedOnToolsVersion = 13.4.1;
						TestTargetID = 69A1A25D29A5085300AC9477;
					};
				};
			};
			buildConfigurationList = 69A1A25929A5085300AC9477 /* Build configuration list for PBXProject "Image App" */;
			compatibilityVersion = "Xcode 13.0";
			developmentRegion = en;
			hasScannedForEncodings = 0;
			knownRegions = (
				en,
				Base,
			);
			mainGroup = 69A1A25529A5085300AC9477;
			productRefGroup = 69A1A25F29A5085300AC9477 /* Products */;
			projectDirPath = "";
			projectRoot = "";
			targets = (
				69A1A25D29A5085300AC9477 /* Image App */,
				69A1A27329A5085800AC9477 /* Image AppTests */,
				69A1A27D29A5085800AC9477 /* Image AppUITests */,
			);
		};
/* End PBXProject section */

/* Begin PBXResourcesBuildPhase section */
		69A1A25C29A5085300AC9477 /* Resources */ = {
			isa = PBXResourcesBuildPhase;
			buildActionMask = 2147483647;
			files = (
				69A1A26E29A5085700AC9477 /* LaunchScreen.storyboard in Resources */,
				69A1A26B29A5085700AC9477 /* Assets.xcassets in Resources */,
				69A1A26929A5085300AC9477 /* Main.storyboard in Resources */,
			);
			runOnlyForDeploymentPostprocessing = 0;
		};
		69A1A27229A5085800AC9477 /* Resources */ = {
			isa = PBXResourcesBuildPhase;
			buildActionMask = 2147483647;
			files = (
			);
			runOnlyForDeploymentPostprocessing = 0;
		};
		69A1A27C29A5085800AC9477 /* Resources */ = {
			isa = PBXResourcesBuildPhase;
			buildActionMask = 2147483647;
			files = (
			);
			runOnlyForDeploymentPostprocessing = 0;
		};
/* End PBXResourcesBuildPhase section */

/* Begin PBXSourcesBuildPhase section */
		69A1A25A29A5085300AC9477 /* Sources */ = {
			isa = PBXSourcesBuildPhase;
			buildActionMask = 2147483647;
			files = (
				69A1A26629A5085300AC9477 /* ViewController.swift in Sources */,
				69A1A26229A5085300AC9477 /* AppDelegate.swift in Sources */,
				69A1A26429A5085300AC9477 /* SceneDelegate.swift in Sources */,
			);
			runOnlyForDeploymentPostprocessing = 0;
		};
		69A1A27029A5085800AC9477 /* Sources */ = {
			isa = PBXSourcesBuildPhase;
			buildActionMask = 2147483647;
			files = (
				69A1A27929A5085800AC9477 /* Image_AppTests.swift in Sources */,
			);
			runOnlyForDeploymentPostprocessing = 0;
		};
		69A1A27A29A5085800AC9477 /* Sources */ = {
			isa = PBXSourcesBuildPhase;
			buildActionMask = 2147483647;
			files = (
				69A1A28529A5085800AC9477 /* Image_AppUITestsLaunchTests.swift in Sources */,
				69A1A28329A5085800AC9477 /* Image_AppUITests.swift in Sources */,
			);
			runOnlyForDeploymentPostprocessing = 0;
		};
/* End PBXSourcesBuildPhase section */

/* Begin PBXTargetDependency section */
		69A1A27629A5085800AC9477 /* PBXTargetDependency */ = {
			isa = PBXTargetDependency;
			target = 69A1A25D29A5085300AC9477 /* Image App */;
			targetProxy = 69A1A27529A5085800AC9477 /* PBXContainerItemProxy */;
		};
		69A1A28029A5085800AC9477 /* PBXTargetDependency */ = {
			isa = PBXTargetDependency;
			target = 69A1A25D29A5085300AC9477 /* Image App */;
			targetProxy = 69A1A27F29A5085800AC9477 /* PBXContainerItemProxy */;
		};
/* End PBXTargetDependency section */

/* Begin PBXVariantGroup section */
		69A1A26729A5085300AC9477 /* Main.storyboard */ = {
			isa = PBXVariantGroup;
			children = (
				69A1A26829A5085300AC9477 /* Base */,
			);
			name = Main.storyboard;
			sourceTree = "<group>";
		};
		69A1A26C29A5085700AC9477 /* LaunchScreen.storyboard */ = {
			isa = PBXVariantGroup;
			children = (
				69A1A26D29A5085700AC9477 /* Base */,
			);
			name = LaunchScreen.storyboard;
			sourceTree = "<group>";
		};
/* End PBXVariantGroup section */

/* Begin XCBuildConfiguration section */
		69A1A28629A5085800AC9477 /* Debug */ = {
			isa = XCBuildConfiguration;
			buildSettings = {
				ALWAYS_SEARCH_USER_PATHS = NO;
				CLANG_ANALYZER_NONNULL = YES;
				CLANG_ANALYZER_NUMBER_OBJECT_CONVERSION = YES_AGGRESSIVE;
				CLANG_CXX_LANGUAGE_STANDARD = "gnu++17";
				CLANG_ENABLE_MODULES = YES;
				CLANG_ENABLE_OBJC_ARC = YES;
				CLANG_ENABLE_OBJC_WEAK = YES;
				CLANG_WARN_BLOCK_CAPTURE_AUTORELEASING = YES;
				CLANG_WARN_BOOL_CONVERSION = YES;
				CLANG_WARN_COMMA = YES;
				CLANG_WARN_CONSTANT_CONVERSION = YES;
				CLANG_WARN_DEPRECATED_OBJC_IMPLEMENTATIONS = YES;
				CLANG_WARN_DIRECT_OBJC_ISA_USAGE = YES_ERROR;
				CLANG_WARN_DOCUMENTATION_COMMENTS = YES;
				CLANG_WARN_EMPTY_BODY = YES;
				CLANG_WARN_ENUM_CONVERSION = YES;
				CLANG_WARN_INFINITE_RECURSION = YES;
				CLANG_WARN_INT_CONVERSION = YES;
				CLANG_WARN_NON_LITERAL_NULL_CONVERSION = YES;
				CLANG_WARN_OBJC_IMPLICIT_RETAIN_SELF = YES;
				CLANG_WARN_OBJC_LITERAL_CONVERSION = YES;
				CLANG_WARN_OBJC_ROOT_CLASS = YES_ERROR;
				CLANG_WARN_QUOTED_INCLUDE_IN_FRAMEWORK_HEADER = YES;
				CLANG_WARN_RANGE_LOOP_ANALYSIS = YES;
				CLANG_WARN_STRICT_PROTOTYPES = YES;
				CLANG_WARN_SUSPICIOUS_MOVE = YES;
				CLANG_WARN_UNGUARDED_AVAILABILITY = YES_AGGRESSIVE;
				CLANG_WARN_UNREACHABLE_CODE = YES;
				CLANG_WARN__DUPLICATE_METHOD_MATCH = YES;
				COPY_PHASE_STRIP = NO;
				DEBUG_INFORMATION_FORMAT = dwarf;
				ENABLE_STRICT_OBJC_MSGSEND = YES;
				ENABLE_TESTABILITY = YES;
				GCC_C_LANGUAGE_STANDARD = gnu11;
				GCC_DYNAMIC_NO_PIC = NO;
				GCC_NO_COMMON_BLOCKS = YES;
				GCC_OPTIMIZATION_LEVEL = 0;
				GCC_PREPROCESSOR_DEFINITIONS = (
					"DEBUG=1",
					"$(inherited)",
				);
				GCC_WARN_64_TO_32_BIT_CONVERSION = YES;
				GCC_WARN_ABOUT_RETURN_TYPE = YES_ERROR;
				GCC_WARN_UNDECLARED_SELECTOR = YES;
				GCC_WARN_UNINITIALIZED_AUTOS = YES_AGGRESSIVE;
				GCC_WARN_UNUSED_FUNCTION = YES;
				GCC_WARN_UNUSED_VARIABLE = YES;
				IPHONEOS_DEPLOYMENT_TARGET = 15.5;
				MTL_ENABLE_DEBUG_INFO = INCLUDE_SOURCE;
				MTL_FAST_MATH = YES;
				ONLY_ACTIVE_ARCH = YES;
				SDKROOT = iphoneos;
				SWIFT_ACTIVE_COMPILATION_CONDITIONS = DEBUG;
				SWIFT_OPTIMIZATION_LEVEL = "-Onone";
			};
			name = Debug;
		};
		69A1A28729A5085800AC9477 /* Release */ = {
			isa = XCBuildConfiguration;
			buildSettings = {
				ALWAYS_SEARCH_USER_PATHS = NO;
				CLANG_ANALYZER_NONNULL = YES;
				CLANG_ANALYZER_NUMBER_OBJECT_CONVERSION = YES_AGGRESSIVE;
				CLANG_CXX_LANGUAGE_STANDARD = "gnu++17";
				CLANG_ENABLE_MODULES = YES;
				CLANG_ENABLE_OBJC_ARC = YES;
				CLANG_ENABLE_OBJC_WEAK = YES;
				CLANG_WARN_BLOCK_CAPTURE_AUTORELEASING = YES;
				CLANG_WARN_BOOL_CONVERSION = YES;
				CLANG_WARN_COMMA = YES;
				CLANG_WARN_CONSTANT_CONVERSION = YES;
				CLANG_WARN_DEPRECATED_OBJC_IMPLEMENTATIONS = YES;
				CLANG_WARN_DIRECT_OBJC_ISA_USAGE = YES_ERROR;
				CLANG_WARN_DOCUMENTATION_COMMENTS = YES;
				CLANG_WARN_EMPTY_BODY = YES;
				CLANG_WARN_ENUM_CONVERSION = YES;
				CLANG_WARN_INFINITE_RECURSION = YES;
				CLANG_WARN_INT_CONVERSION = YES;
				CLANG_WARN_NON_LITERAL_NULL_CONVERSION = YES;
				CLANG_WARN_OBJC_IMPLICIT_RETAIN_SELF = YES;
				CLANG_WARN_OBJC_LITERAL_CONVERSION = YES;
				CLANG_WARN_OBJC_ROOT_CLASS = YES_ERROR;
				CLANG_WARN_QUOTED_INCLUDE_IN_FRAMEWORK_HEADER = YES;
				CLANG_WARN_RANGE_LOOP_ANALYSIS = YES;
				CLANG_WARN_STRICT_PROTOTYPES = YES;
				CLANG_WARN_SUSPICIOUS_MOVE = YES;
				CLANG_WARN_UNGUARDED_AVAILABILITY = YES_AGGRESSIVE;
				CLANG_WARN_UNREACHABLE_CODE = YES;
				CLANG_WARN__DUPLICATE_METHOD_MATCH = YES;
				COPY_PHASE_STRIP = NO;
				DEBUG_INFORMATION_FORMAT = "dwarf-with-dsym";
				ENABLE_NS_ASSERTIONS = NO;
				ENABLE_STRICT_OBJC_MSGSEND = YES;
				GCC_C_LANGUAGE_STANDARD = gnu11;
				GCC_NO_COMMON_BLOCKS = YES;
				GCC_WARN_64_TO_32_BIT_CONVERSION = YES;
				GCC_WARN_ABOUT_RETURN_TYPE = YES_ERROR;
				GCC_WARN_UNDECLARED_SELECTOR = YES;
				GCC_WARN_UNINITIALIZED_AUTOS = YES_AGGRESSIVE;
				GCC_WARN_UNUSED_FUNCTION = YES;
				GCC_WARN_UNUSED_VARIABLE = YES;
				IPHONEOS_DEPLOYMENT_TARGET = 15.5;
				MTL_ENABLE_DEBUG_INFO = NO;
				MTL_FAST_MATH = YES;
				SDKROOT = iphoneos;
				SWIFT_COMPILATION_MODE = wholemodule;
				SWIFT_OPTIMIZATION_LEVEL = "-O";
				VALIDATE_PRODUCT = YES;
			};
			name = Release;
		};
		69A1A28929A5085800AC9477 /* Debug */ = {
			isa = XCBuildConfiguration;
			buildSettings = {
				ASSETCATALOG_COMPILER_APPICON_NAME = AppIcon;
				ASSETCATALOG_COMPILER_GLOBAL_ACCENT_COLOR_NAME = AccentColor;
				CODE_SIGN_STYLE = Automatic;
				CURRENT_PROJECT_VERSION = 1;
				GENERATE_INFOPLIST_FILE = YES;
				INFOPLIST_FILE = "Image App/Info.plist";
				INFOPLIST_KEY_CFBundleDisplayName = "Image App";
				INFOPLIST_KEY_UIApplicationSupportsIndirectInputEvents = YES;
				INFOPLIST_KEY_UILaunchStoryboardName = LaunchScreen;
				INFOPLIST_KEY_UIMainStoryboardFile = Main;
				INFOPLIST_KEY_UISupportedInterfaceOrientations_iPad = "UIInterfaceOrientationPortrait UIInterfaceOrientationPortraitUpsideDown UIInterfaceOrientationLandscapeLeft UIInterfaceOrientationLandscapeRight";
				INFOPLIST_KEY_UISupportedInterfaceOrientations_iPhone = "UIInterfaceOrientationPortrait UIInterfaceOrientationLandscapeLeft UIInterfaceOrientationLandscapeRight";
				LD_RUNPATH_SEARCH_PATHS = (
					"$(inherited)",
					"@executable_path/Frameworks",
				);
				MARKETING_VERSION = 1.0;
				PRODUCT_BUNDLE_IDENTIFIER = "nwmissouri.edu.Image-App";
				PRODUCT_NAME = "$(TARGET_NAME)";
				SWIFT_EMIT_LOC_STRINGS = YES;
				SWIFT_VERSION = 5.0;
				TARGETED_DEVICE_FAMILY = "1,2";
			};
			name = Debug;
		};
		69A1A28A29A5085800AC9477 /* Release */ = {
			isa = XCBuildConfiguration;
			buildSettings = {
				ASSETCATALOG_COMPILER_APPICON_NAME = AppIcon;
				ASSETCATALOG_COMPILER_GLOBAL_ACCENT_COLOR_NAME = AccentColor;
				CODE_SIGN_STYLE = Automatic;
				CURRENT_PROJECT_VERSION = 1;
				GENERATE_INFOPLIST_FILE = YES;
				INFOPLIST_FILE = "Image App/Info.plist";
				INFOPLIST_KEY_CFBundleDisplayName = "Image App";
				INFOPLIST_KEY_UIApplicationSupportsIndirectInputEvents = YES;
				INFOPLIST_KEY_UILaunchStoryboardName = LaunchScreen;
				INFOPLIST_KEY_UIMainStoryboardFile = Main;
				INFOPLIST_KEY_UISupportedInterfaceOrientations_iPad = "UIInterfaceOrientationPortrait UIInterfaceOrientationPortraitUpsideDown UIInterfaceOrientationLandscapeLeft UIInterfaceOrientationLandscapeRight";
				INFOPLIST_KEY_UISupportedInterfaceOrientations_iPhone = "UIInterfaceOrientationPortrait UIInterfaceOrientationLandscapeLeft UIInterfaceOrientationLandscapeRight";
				LD_RUNPATH_SEARCH_PATHS = (
					"$(inherited)",
					"@executable_path/Frameworks",
				);
				MARKETING_VERSION = 1.0;
				PRODUCT_BUNDLE_IDENTIFIER = "nwmissouri.edu.Image-App";
				PRODUCT_NAME = "$(TARGET_NAME)";
				SWIFT_EMIT_LOC_STRINGS = YES;
				SWIFT_VERSION = 5.0;
				TARGETED_DEVICE_FAMILY = "1,2";
			};
			name = Release;
		};
		69A1A28C29A5085800AC9477 /* Debug */ = {
			isa = XCBuildConfiguration;
			buildSettings = {
				ALWAYS_EMBED_SWIFT_STANDARD_LIBRARIES = YES;
				BUNDLE_LOADER = "$(TEST_HOST)";
				CODE_SIGN_STYLE = Automatic;
				CURRENT_PROJECT_VERSION = 1;
				GENERATE_INFOPLIST_FILE = YES;
				IPHONEOS_DEPLOYMENT_TARGET = 15.5;
				MARKETING_VERSION = 1.0;
				PRODUCT_BUNDLE_IDENTIFIER = "nwmissouri.edu.Image-AppTests";
				PRODUCT_NAME = "$(TARGET_NAME)";
				SWIFT_EMIT_LOC_STRINGS = NO;
				SWIFT_VERSION = 5.0;
				TARGETED_DEVICE_FAMILY = "1,2";
				TEST_HOST = "$(BUILT_PRODUCTS_DIR)/Image App.app/Image App";
			};
			name = Debug;
		};
		69A1A28D29A5085800AC9477 /* Release */ = {
			isa = XCBuildConfiguration;
			buildSettings = {
				ALWAYS_EMBED_SWIFT_STANDARD_LIBRARIES = YES;
				BUNDLE_LOADER = "$(TEST_HOST)";
				CODE_SIGN_STYLE = Automatic;
				CURRENT_PROJECT_VERSION = 1;
				GENERATE_INFOPLIST_FILE = YES;
				IPHONEOS_DEPLOYMENT_TARGET = 15.5;
				MARKETING_VERSION = 1.0;
				PRODUCT_BUNDLE_IDENTIFIER = "nwmissouri.edu.Image-AppTests";
				PRODUCT_NAME = "$(TARGET_NAME)";
				SWIFT_EMIT_LOC_STRINGS = NO;
				SWIFT_VERSION = 5.0;
				TARGETED_DEVICE_FAMILY = "1,2";
				TEST_HOST = "$(BUILT_PRODUCTS_DIR)/Image App.app/Image App";
			};
			name = Release;
		};
		69A1A28F29A5085800AC9477 /* Debug */ = {
			isa = XCBuildConfiguration;
			buildSettings = {
				ALWAYS_EMBED_SWIFT_STANDARD_LIBRARIES = YES;
				CODE_SIGN_STYLE = Automatic;
				CURRENT_PROJECT_VERSION = 1;
				GENERATE_INFOPLIST_FILE = YES;
				MARKETING_VERSION = 1.0;
				PRODUCT_BUNDLE_IDENTIFIER = "nwmissouri.edu.Image-AppUITests";
				PRODUCT_NAME = "$(TARGET_NAME)";
				SWIFT_EMIT_LOC_STRINGS = NO;
				SWIFT_VERSION = 5.0;
				TARGETED_DEVICE_FAMILY = "1,2";
				TEST_TARGET_NAME = "Image App";
			};
			name = Debug;
		};
		69A1A29029A5085800AC9477 /* Release */ = {
			isa = XCBuildConfiguration;
			buildSettings = {
				ALWAYS_EMBED_SWIFT_STANDARD_LIBRARIES = YES;
				CODE_SIGN_STYLE = Automatic;
				CURRENT_PROJECT_VERSION = 1;
				GENERATE_INFOPLIST_FILE = YES;
				MARKETING_VERSION = 1.0;
				PRODUCT_BUNDLE_IDENTIFIER = "nwmissouri.edu.Image-AppUITests";
				PRODUCT_NAME = "$(TARGET_NAME)";
				SWIFT_EMIT_LOC_STRINGS = NO;
				SWIFT_VERSION = 5.0;
				TARGETED_DEVICE_FAMILY = "1,2";
				TEST_TARGET_NAME = "Image App";
			};
			name = Release;
		};
/* End XCBuildConfiguration section */

/* Begin XCConfigurationList section */
		69A1A25929A5085300AC9477 /* Build configuration list for PBXProject "Image App" */ = {
			isa = XCConfigurationList;
			buildConfigurations = (
				69A1A28629A5085800AC9477 /* Debug */,
				69A1A28729A5085800AC9477 /* Release */,
			);
			defaultConfigurationIsVisible = 0;
			defaultConfigurationName = Release;
		};
		69A1A28829A5085800AC9477 /* Build configuration list for PBXNativeTarget "Image App" */ = {
			isa = XCConfigurationList;
			buildConfigurations = (
				69A1A28929A5085800AC9477 /* Debug */,
				69A1A28A29A5085800AC9477 /* Release */,
			);
			defaultConfigurationIsVisible = 0;
			defaultConfigurationName = Release;
		};
		69A1A28B29A5085800AC9477 /* Build configuration list for PBXNativeTarget "Image AppTests" */ = {
			isa = XCConfigurationList;
			buildConfigurations = (
				69A1A28C29A5085800AC9477 /* Debug */,
				69A1A28D29A5085800AC9477 /* Release */,
			);
			defaultConfigurationIsVisible = 0;
			defaultConfigurationName = Release;
		};
		69A1A28E29A5085800AC9477 /* Build configuration list for PBXNativeTarget "Image AppUITests" */ = {
			isa = XCConfigurationList;
			buildConfigurations = (
				69A1A28F29A5085800AC9477 /* Debug */,
				69A1A29029A5085800AC9477 /* Release */,
			);
			defaultConfigurationIsVisible = 0;
			defaultConfigurationName = Release;
		};
/* End XCConfigurationList section */
	};
	rootObject = 69A1A25629A5085300AC9477 /* Project object */;
}
