// !$*UTF8*$!
{
	archiveVersion = 1;
	classes = {
	};
	objectVersion = 55;
	objects = {

/* Begin PBXBuildFile section */
		69A1A29E29A50E2300AC9477 /* AppDelegate.swift in Sources */ = {isa = PBXBuildFile; fileRef = 69A1A29D29A50E2300AC9477 /* AppDelegate.swift */; };
		69A1A2A029A50E2300AC9477 /* SceneDelegate.swift in Sources */ = {isa = PBXBuildFile; fileRef = 69A1A29F29A50E2300AC9477 /* SceneDelegate.swift */; };
		69A1A2A229A50E2300AC9477 /* ViewController.swift in Sources */ = {isa = PBXBuildFile; fileRef = 69A1A2A129A50E2300AC9477 /* ViewController.swift */; };
		69A1A2A529A50E2300AC9477 /* Main.storyboard in Resources */ = {isa = PBXBuildFile; fileRef = 69A1A2A329A50E2300AC9477 /* Main.storyboard */; };
		69A1A2A729A50E2600AC9477 /* Assets.xcassets in Resources */ = {isa = PBXBuildFile; fileRef = 69A1A2A629A50E2600AC9477 /* Assets.xcassets */; };
		69A1A2AA29A50E2600AC9477 /* LaunchScreen.storyboard in Resources */ = {isa = PBXBuildFile; fileRef = 69A1A2A829A50E2600AC9477 /* LaunchScreen.storyboard */; };
		69A1A2B529A50E2600AC9477 /* ClimateAppTests.swift in Sources */ = {isa = PBXBuildFile; fileRef = 69A1A2B429A50E2600AC9477 /* ClimateAppTests.swift */; };
		69A1A2BF29A50E2600AC9477 /* ClimateAppUITests.swift in Sources */ = {isa = PBXBuildFile; fileRef = 69A1A2BE29A50E2600AC9477 /* ClimateAppUITests.swift */; };
		69A1A2C129A50E2600AC9477 /* ClimateAppUITestsLaunchTests.swift in Sources */ = {isa = PBXBuildFile; fileRef = 69A1A2C029A50E2600AC9477 /* ClimateAppUITestsLaunchTests.swift */; };
/* End PBXBuildFile section */

/* Begin PBXContainerItemProxy section */
		69A1A2B129A50E2600AC9477 /* PBXContainerItemProxy */ = {
			isa = PBXContainerItemProxy;
			containerPortal = 69A1A29229A50E2300AC9477 /* Project object */;
			proxyType = 1;
			remoteGlobalIDString = 69A1A29929A50E2300AC9477;
			remoteInfo = ClimateApp;
		};
		69A1A2BB29A50E2600AC9477 /* PBXContainerItemProxy */ = {
			isa = PBXContainerItemProxy;
			containerPortal = 69A1A29229A50E2300AC9477 /* Project object */;
			proxyType = 1;
			remoteGlobalIDString = 69A1A29929A50E2300AC9477;
			remoteInfo = ClimateApp;
		};
/* End PBXContainerItemProxy section */

/* Begin PBXFileReference section */
		69A1A29A29A50E2300AC9477 /* ClimateApp.app */ = {isa = PBXFileReference; explicitFileType = wrapper.application; includeInIndex = 0; path = ClimateApp.app; sourceTree = BUILT_PRODUCTS_DIR; };
		69A1A29D29A50E2300AC9477 /* AppDelegate.swift */ = {isa = PBXFileReference; lastKnownFileType = sourcecode.swift; path = AppDelegate.swift; sourceTree = "<group>"; };
		69A1A29F29A50E2300AC9477 /* SceneDelegate.swift */ = {isa = PBXFileReference; lastKnownFileType = sourcecode.swift; path = SceneDelegate.swift; sourceTree = "<group>"; };
		69A1A2A129A50E2300AC9477 /* ViewController.swift */ = {isa = PBXFileReference; lastKnownFileType = sourcecode.swift; path = ViewController.swift; sourceTree = "<group>"; };
		69A1A2A429A50E2300AC9477 /* Base */ = {isa = PBXFileReference; lastKnownFileType = file.storyboard; name = Base; path = Base.lproj/Main.storyboard; sourceTree = "<group>"; };
		69A1A2A629A50E2600AC9477 /* Assets.xcassets */ = {isa = PBXFileReference; lastKnownFileType = folder.assetcatalog; path = Assets.xcassets; sourceTree = "<group>"; };
		69A1A2A929A50E2600AC9477 /* Base */ = {isa = PBXFileReference; lastKnownFileType = file.storyboard; name = Base; path = Base.lproj/LaunchScreen.storyboard; sourceTree = "<group>"; };
		69A1A2AB29A50E2600AC9477 /* Info.plist */ = {isa = PBXFileReference; lastKnownFileType = text.plist.xml; path = Info.plist; sourceTree = "<group>"; };
		69A1A2B029A50E2600AC9477 /* ClimateAppTests.xctest */ = {isa = PBXFileReference; explicitFileType = wrapper.cfbundle; includeInIndex = 0; path = ClimateAppTests.xctest; sourceTree = BUILT_PRODUCTS_DIR; };
		69A1A2B429A50E2600AC9477 /* ClimateAppTests.swift */ = {isa = PBXFileReference; lastKnownFileType = sourcecode.swift; path = ClimateAppTests.swift; sourceTree = "<group>"; };
		69A1A2BA29A50E2600AC9477 /* ClimateAppUITests.xctest */ = {isa = PBXFileReference; explicitFileType = wrapper.cfbundle; includeInIndex = 0; path = ClimateAppUITests.xctest; sourceTree = BUILT_PRODUCTS_DIR; };
		69A1A2BE29A50E2600AC9477 /* ClimateAppUITests.swift */ = {isa = PBXFileReference; lastKnownFileType = sourcecode.swift; path = ClimateAppUITests.swift; sourceTree = "<group>"; };
		69A1A2C029A50E2600AC9477 /* ClimateAppUITestsLaunchTests.swift */ = {isa = PBXFileReference; lastKnownFileType = sourcecode.swift; path = ClimateAppUITestsLaunchTests.swift; sourceTree = "<group>"; };
/* End PBXFileReference section */

/* Begin PBXFrameworksBuildPhase section */
		69A1A29729A50E2300AC9477 /* Frameworks */ = {
			isa = PBXFrameworksBuildPhase;
			buildActionMask = 2147483647;
			files = (
			);
			runOnlyForDeploymentPostprocessing = 0;
		};
		69A1A2AD29A50E2600AC9477 /* Frameworks */ = {
			isa = PBXFrameworksBuildPhase;
			buildActionMask = 2147483647;
			files = (
			);
			runOnlyForDeploymentPostprocessing = 0;
		};
		69A1A2B729A50E2600AC9477 /* Frameworks */ = {
			isa = PBXFrameworksBuildPhase;
			buildActionMask = 2147483647;
			files = (
			);
			runOnlyForDeploymentPostprocessing = 0;
		};
/* End PBXFrameworksBuildPhase section */

/* Begin PBXGroup section */
		69A1A29129A50E2300AC9477 = {
			isa = PBXGroup;
			children = (
				69A1A29C29A50E2300AC9477 /* ClimateApp */,
				69A1A2B329A50E2600AC9477 /* ClimateAppTests */,
				69A1A2BD29A50E2600AC9477 /* ClimateAppUITests */,
				69A1A29B29A50E2300AC9477 /* Products */,
			);
			sourceTree = "<group>";
		};
		69A1A29B29A50E2300AC9477 /* Products */ = {
			isa = PBXGroup;
			children = (
				69A1A29A29A50E2300AC9477 /* ClimateApp.app */,
				69A1A2B029A50E2600AC9477 /* ClimateAppTests.xctest */,
				69A1A2BA29A50E2600AC9477 /* ClimateAppUITests.xctest */,
			);
			name = Products;
			sourceTree = "<group>";
		};
		69A1A29C29A50E2300AC9477 /* ClimateApp */ = {
			isa = PBXGroup;
			children = (
				69A1A29D29A50E2300AC9477 /* AppDelegate.swift */,
				69A1A29F29A50E2300AC9477 /* SceneDelegate.swift */,
				69A1A2A129A50E2300AC9477 /* ViewController.swift */,
				69A1A2A329A50E2300AC9477 /* Main.storyboard */,
				69A1A2A629A50E2600AC9477 /* Assets.xcassets */,
				69A1A2A829A50E2600AC9477 /* LaunchScreen.storyboard */,
				69A1A2AB29A50E2600AC9477 /* Info.plist */,
			);
			path = ClimateApp;
			sourceTree = "<group>";
		};
		69A1A2B329A50E2600AC9477 /* ClimateAppTests */ = {
			isa = PBXGroup;
			children = (
				69A1A2B429A50E2600AC9477 /* ClimateAppTests.swift */,
			);
			path = ClimateAppTests;
			sourceTree = "<group>";
		};
		69A1A2BD29A50E2600AC9477 /* ClimateAppUITests */ = {
			isa = PBXGroup;
			children = (
				69A1A2BE29A50E2600AC9477 /* ClimateAppUITests.swift */,
				69A1A2C029A50E2600AC9477 /* ClimateAppUITestsLaunchTests.swift */,
			);
			path = ClimateAppUITests;
			sourceTree = "<group>";
		};
/* End PBXGroup section */

/* Begin PBXNativeTarget section */
		69A1A29929A50E2300AC9477 /* ClimateApp */ = {
			isa = PBXNativeTarget;
			buildConfigurationList = 69A1A2C429A50E2600AC9477 /* Build configuration list for PBXNativeTarget "ClimateApp" */;
			buildPhases = (
				69A1A29629A50E2300AC9477 /* Sources */,
				69A1A29729A50E2300AC9477 /* Frameworks */,
				69A1A29829A50E2300AC9477 /* Resources */,
			);
			buildRules = (
			);
			dependencies = (
			);
			name = ClimateApp;
			productName = ClimateApp;
			productReference = 69A1A29A29A50E2300AC9477 /* ClimateApp.app */;
			productType = "com.apple.product-type.application";
		};
		69A1A2AF29A50E2600AC9477 /* ClimateAppTests */ = {
			isa = PBXNativeTarget;
			buildConfigurationList = 69A1A2C729A50E2600AC9477 /* Build configuration list for PBXNativeTarget "ClimateAppTests" */;
			buildPhases = (
				69A1A2AC29A50E2600AC9477 /* Sources */,
				69A1A2AD29A50E2600AC9477 /* Frameworks */,
				69A1A2AE29A50E2600AC9477 /* Resources */,
			);
			buildRules = (
			);
			dependencies = (
				69A1A2B229A50E2600AC9477 /* PBXTargetDependency */,
			);
			name = ClimateAppTests;
			productName = ClimateAppTests;
			productReference = 69A1A2B029A50E2600AC9477 /* ClimateAppTests.xctest */;
			productType = "com.apple.product-type.bundle.unit-test";
		};
		69A1A2B929A50E2600AC9477 /* ClimateAppUITests */ = {
			isa = PBXNativeTarget;
			buildConfigurationList = 69A1A2CA29A50E2600AC9477 /* Build configuration list for PBXNativeTarget "ClimateAppUITests" */;
			buildPhases = (
				69A1A2B629A50E2600AC9477 /* Sources */,
				69A1A2B729A50E2600AC9477 /* Frameworks */,
				69A1A2B829A50E2600AC9477 /* Resources */,
			);
			buildRules = (
			);
			dependencies = (
				69A1A2BC29A50E2600AC9477 /* PBXTargetDependency */,
			);
			name = ClimateAppUITests;
			productName = ClimateAppUITests;
			productReference = 69A1A2BA29A50E2600AC9477 /* ClimateAppUITests.xctest */;
			productType = "com.apple.product-type.bundle.ui-testing";
		};
/* End PBXNativeTarget section */

/* Begin PBXProject section */
		69A1A29229A50E2300AC9477 /* Project object */ = {
			isa = PBXProject;
			attributes = {
				BuildIndependentTargetsInParallel = 1;
				LastSwiftUpdateCheck = 1340;
				LastUpgradeCheck = 1340;
				TargetAttributes = {
					69A1A29929A50E2300AC9477 = {
						CreatedOnToolsVersion = 13.4.1;
					};
					69A1A2AF29A50E2600AC9477 = {
						CreatedOnToolsVersion = 13.4.1;
						TestTargetID = 69A1A29929A50E2300AC9477;
					};
					69A1A2B929A50E2600AC9477 = {
						CreatedOnToolsVersion = 13.4.1;
						TestTargetID = 69A1A29929A50E2300AC9477;
					};
				};
			};
			buildConfigurationList = 69A1A29529A50E2300AC9477 /* Build configuration list for PBXProject "ClimateApp" */;
			compatibilityVersion = "Xcode 13.0";
			developmentRegion = en;
			hasScannedForEncodings = 0;
			knownRegions = (
				en,
				Base,
			);
			mainGroup = 69A1A29129A50E2300AC9477;
			productRefGroup = 69A1A29B29A50E2300AC9477 /* Products */;
			projectDirPath = "";
			projectRoot = "";
			targets = (
				69A1A29929A50E2300AC9477 /* ClimateApp */,
				69A1A2AF29A50E2600AC9477 /* ClimateAppTests */,
				69A1A2B929A50E2600AC9477 /* ClimateAppUITests */,
			);
		};
/* End PBXProject section */

/* Begin PBXResourcesBuildPhase section */
		69A1A29829A50E2300AC9477 /* Resources */ = {
			isa = PBXResourcesBuildPhase;
			buildActionMask = 2147483647;
			files = (
				69A1A2AA29A50E2600AC9477 /* LaunchScreen.storyboard in Resources */,
				69A1A2A729A50E2600AC9477 /* Assets.xcassets in Resources */,
				69A1A2A529A50E2300AC9477 /* Main.storyboard in Resources */,
			);
			runOnlyForDeploymentPostprocessing = 0;
		};
		69A1A2AE29A50E2600AC9477 /* Resources */ = {
			isa = PBXResourcesBuildPhase;
			buildActionMask = 2147483647;
			files = (
			);
			runOnlyForDeploymentPostprocessing = 0;
		};
		69A1A2B829A50E2600AC9477 /* Resources */ = {
			isa = PBXResourcesBuildPhase;
			buildActionMask = 2147483647;
			files = (
			);
			runOnlyForDeploymentPostprocessing = 0;
		};
/* End PBXResourcesBuildPhase section */

/* Begin PBXSourcesBuildPhase section */
		69A1A29629A50E2300AC9477 /* Sources */ = {
			isa = PBXSourcesBuildPhase;
			buildActionMask = 2147483647;
			files = (
				69A1A2A229A50E2300AC9477 /* ViewController.swift in Sources */,
				69A1A29E29A50E2300AC9477 /* AppDelegate.swift in Sources */,
				69A1A2A029A50E2300AC9477 /* SceneDelegate.swift in Sources */,
			);
			runOnlyForDeploymentPostprocessing = 0;
		};
		69A1A2AC29A50E2600AC9477 /* Sources */ = {
			isa = PBXSourcesBuildPhase;
			buildActionMask = 2147483647;
			files = (
				69A1A2B529A50E2600AC9477 /* ClimateAppTests.swift in Sources */,
			);
			runOnlyForDeploymentPostprocessing = 0;
		};
		69A1A2B629A50E2600AC9477 /* Sources */ = {
			isa = PBXSourcesBuildPhase;
			buildActionMask = 2147483647;
			files = (
				69A1A2C129A50E2600AC9477 /* ClimateAppUITestsLaunchTests.swift in Sources */,
				69A1A2BF29A50E2600AC9477 /* ClimateAppUITests.swift in Sources */,
			);
			runOnlyForDeploymentPostprocessing = 0;
		};
/* End PBXSourcesBuildPhase section */

/* Begin PBXTargetDependency section */
		69A1A2B229A50E2600AC9477 /* PBXTargetDependency */ = {
			isa = PBXTargetDependency;
			target = 69A1A29929A50E2300AC9477 /* ClimateApp */;
			targetProxy = 69A1A2B129A50E2600AC9477 /* PBXContainerItemProxy */;
		};
		69A1A2BC29A50E2600AC9477 /* PBXTargetDependency */ = {
			isa = PBXTargetDependency;
			target = 69A1A29929A50E2300AC9477 /* ClimateApp */;
			targetProxy = 69A1A2BB29A50E2600AC9477 /* PBXContainerItemProxy */;
		};
/* End PBXTargetDependency section */

/* Begin PBXVariantGroup section */
		69A1A2A329A50E2300AC9477 /* Main.storyboard */ = {
			isa = PBXVariantGroup;
			children = (
				69A1A2A429A50E2300AC9477 /* Base */,
			);
			name = Main.storyboard;
			sourceTree = "<group>";
		};
		69A1A2A829A50E2600AC9477 /* LaunchScreen.storyboard */ = {
			isa = PBXVariantGroup;
			children = (
				69A1A2A929A50E2600AC9477 /* Base */,
			);
			name = LaunchScreen.storyboard;
			sourceTree = "<group>";
		};
/* End PBXVariantGroup section */

/* Begin XCBuildConfiguration section */
		69A1A2C229A50E2600AC9477 /* Debug */ = {
			isa = XCBuildConfiguration;
			buildSettings = {
				ALWAYS_SEARCH_USER_PATHS = NO;
				CLANG_ANALYZER_NONNULL = YES;
				CLANG_ANALYZER_NUMBER_OBJECT_CONVERSION = YES_AGGRESSIVE;
				CLANG_CXX_LANGUAGE_STANDARD = "gnu++17";
				CLANG_ENABLE_MODULES = YES;
				CLANG_ENABLE_OBJC_ARC = YES;
				CLANG_ENABLE_OBJC_WEAK = YES;
				CLANG_WARN_BLOCK_CAPTURE_AUTORELEASING = YES;
				CLANG_WARN_BOOL_CONVERSION = YES;
				CLANG_WARN_COMMA = YES;
				CLANG_WARN_CONSTANT_CONVERSION = YES;
				CLANG_WARN_DEPRECATED_OBJC_IMPLEMENTATIONS = YES;
				CLANG_WARN_DIRECT_OBJC_ISA_USAGE = YES_ERROR;
				CLANG_WARN_DOCUMENTATION_COMMENTS = YES;
				CLANG_WARN_EMPTY_BODY = YES;
				CLANG_WARN_ENUM_CONVERSION = YES;
				CLANG_WARN_INFINITE_RECURSION = YES;
				CLANG_WARN_INT_CONVERSION = YES;
				CLANG_WARN_NON_LITERAL_NULL_CONVERSION = YES;
				CLANG_WARN_OBJC_IMPLICIT_RETAIN_SELF = YES;
				CLANG_WARN_OBJC_LITERAL_CONVERSION = YES;
				CLANG_WARN_OBJC_ROOT_CLASS = YES_ERROR;
				CLANG_WARN_QUOTED_INCLUDE_IN_FRAMEWORK_HEADER = YES;
				CLANG_WARN_RANGE_LOOP_ANALYSIS = YES;
				CLANG_WARN_STRICT_PROTOTYPES = YES;
				CLANG_WARN_SUSPICIOUS_MOVE = YES;
				CLANG_WARN_UNGUARDED_AVAILABILITY = YES_AGGRESSIVE;
				CLANG_WARN_UNREACHABLE_CODE = YES;
				CLANG_WARN__DUPLICATE_METHOD_MATCH = YES;
				COPY_PHASE_STRIP = NO;
				DEBUG_INFORMATION_FORMAT = dwarf;
				ENABLE_STRICT_OBJC_MSGSEND = YES;
				ENABLE_TESTABILITY = YES;
				GCC_C_LANGUAGE_STANDARD = gnu11;
				GCC_DYNAMIC_NO_PIC = NO;
				GCC_NO_COMMON_BLOCKS = YES;
				GCC_OPTIMIZATION_LEVEL = 0;
				GCC_PREPROCESSOR_DEFINITIONS = (
					"DEBUG=1",
					"$(inherited)",
				);
				GCC_WARN_64_TO_32_BIT_CONVERSION = YES;
				GCC_WARN_ABOUT_RETURN_TYPE = YES_ERROR;
				GCC_WARN_UNDECLARED_SELECTOR = YES;
				GCC_WARN_UNINITIALIZED_AUTOS = YES_AGGRESSIVE;
				GCC_WARN_UNUSED_FUNCTION = YES;
				GCC_WARN_UNUSED_VARIABLE = YES;
				IPHONEOS_DEPLOYMENT_TARGET = 15.5;
				MTL_ENABLE_DEBUG_INFO = INCLUDE_SOURCE;
				MTL_FAST_MATH = YES;
				ONLY_ACTIVE_ARCH = YES;
				SDKROOT = iphoneos;
				SWIFT_ACTIVE_COMPILATION_CONDITIONS = DEBUG;
				SWIFT_OPTIMIZATION_LEVEL = "-Onone";
			};
			name = Debug;
		};
		69A1A2C329A50E2600AC9477 /* Release */ = {
			isa = XCBuildConfiguration;
			buildSettings = {
				ALWAYS_SEARCH_USER_PATHS = NO;
				CLANG_ANALYZER_NONNULL = YES;
				CLANG_ANALYZER_NUMBER_OBJECT_CONVERSION = YES_AGGRESSIVE;
				CLANG_CXX_LANGUAGE_STANDARD = "gnu++17";
				CLANG_ENABLE_MODULES = YES;
				CLANG_ENABLE_OBJC_ARC = YES;
				CLANG_ENABLE_OBJC_WEAK = YES;
				CLANG_WARN_BLOCK_CAPTURE_AUTORELEASING = YES;
				CLANG_WARN_BOOL_CONVERSION = YES;
				CLANG_WARN_COMMA = YES;
				CLANG_WARN_CONSTANT_CONVERSION = YES;
				CLANG_WARN_DEPRECATED_OBJC_IMPLEMENTATIONS = YES;
				CLANG_WARN_DIRECT_OBJC_ISA_USAGE = YES_ERROR;
				CLANG_WARN_DOCUMENTATION_COMMENTS = YES;
				CLANG_WARN_EMPTY_BODY = YES;
				CLANG_WARN_ENUM_CONVERSION = YES;
				CLANG_WARN_INFINITE_RECURSION = YES;
				CLANG_WARN_INT_CONVERSION = YES;
				CLANG_WARN_NON_LITERAL_NULL_CONVERSION = YES;
				CLANG_WARN_OBJC_IMPLICIT_RETAIN_SELF = YES;
				CLANG_WARN_OBJC_LITERAL_CONVERSION = YES;
				CLANG_WARN_OBJC_ROOT_CLASS = YES_ERROR;
				CLANG_WARN_QUOTED_INCLUDE_IN_FRAMEWORK_HEADER = YES;
				CLANG_WARN_RANGE_LOOP_ANALYSIS = YES;
				CLANG_WARN_STRICT_PROTOTYPES = YES;
				CLANG_WARN_SUSPICIOUS_MOVE = YES;
				CLANG_WARN_UNGUARDED_AVAILABILITY = YES_AGGRESSIVE;
				CLANG_WARN_UNREACHABLE_CODE = YES;
				CLANG_WARN__DUPLICATE_METHOD_MATCH = YES;
				COPY_PHASE_STRIP = NO;
				DEBUG_INFORMATION_FORMAT = "dwarf-with-dsym";
				ENABLE_NS_ASSERTIONS = NO;
				ENABLE_STRICT_OBJC_MSGSEND = YES;
				GCC_C_LANGUAGE_STANDARD = gnu11;
				GCC_NO_COMMON_BLOCKS = YES;
				GCC_WARN_64_TO_32_BIT_CONVERSION = YES;
				GCC_WARN_ABOUT_RETURN_TYPE = YES_ERROR;
				GCC_WARN_UNDECLARED_SELECTOR = YES;
				GCC_WARN_UNINITIALIZED_AUTOS = YES_AGGRESSIVE;
				GCC_WARN_UNUSED_FUNCTION = YES;
				GCC_WARN_UNUSED_VARIABLE = YES;
				IPHONEOS_DEPLOYMENT_TARGET = 15.5;
				MTL_ENABLE_DEBUG_INFO = NO;
				MTL_FAST_MATH = YES;
				SDKROOT = iphoneos;
				SWIFT_COMPILATION_MODE = wholemodule;
				SWIFT_OPTIMIZATION_LEVEL = "-O";
				VALIDATE_PRODUCT = YES;
			};
			name = Release;
		};
		69A1A2C529A50E2600AC9477 /* Debug */ = {
			isa = XCBuildConfiguration;
			buildSettings = {
				ASSETCATALOG_COMPILER_APPICON_NAME = AppIcon;
				ASSETCATALOG_COMPILER_GLOBAL_ACCENT_COLOR_NAME = AccentColor;
				CODE_SIGN_STYLE = Automatic;
				CURRENT_PROJECT_VERSION = 1;
				GENERATE_INFOPLIST_FILE = YES;
				INFOPLIST_FILE = ClimateApp/Info.plist;
				INFOPLIST_KEY_CFBundleDisplayName = ClimateApp;
				INFOPLIST_KEY_UIApplicationSupportsIndirectInputEvents = YES;
				INFOPLIST_KEY_UILaunchStoryboardName = LaunchScreen;
				INFOPLIST_KEY_UIMainStoryboardFile = Main;
				INFOPLIST_KEY_UISupportedInterfaceOrientations_iPad = "UIInterfaceOrientationPortrait UIInterfaceOrientationPortraitUpsideDown UIInterfaceOrientationLandscapeLeft UIInterfaceOrientationLandscapeRight";
				INFOPLIST_KEY_UISupportedInterfaceOrientations_iPhone = "UIInterfaceOrientationPortrait UIInterfaceOrientationLandscapeLeft UIInterfaceOrientationLandscapeRight";
				LD_RUNPATH_SEARCH_PATHS = (
					"$(inherited)",
					"@executable_path/Frameworks",
				);
				MARKETING_VERSION = 1.0;
				PRODUCT_BUNDLE_IDENTIFIER = nwmissouri.edu.ClimateApp;
				PRODUCT_NAME = "$(TARGET_NAME)";
				SWIFT_EMIT_LOC_STRINGS = YES;
				SWIFT_VERSION = 5.0;
				TARGETED_DEVICE_FAMILY = "1,2";
			};
			name = Debug;
		};
		69A1A2C629A50E2600AC9477 /* Release */ = {
			isa = XCBuildConfiguration;
			buildSettings = {
				ASSETCATALOG_COMPILER_APPICON_NAME = AppIcon;
				ASSETCATALOG_COMPILER_GLOBAL_ACCENT_COLOR_NAME = AccentColor;
				CODE_SIGN_STYLE = Automatic;
				CURRENT_PROJECT_VERSION = 1;
				GENERATE_INFOPLIST_FILE = YES;
				INFOPLIST_FILE = ClimateApp/Info.plist;
				INFOPLIST_KEY_CFBundleDisplayName = ClimateApp;
				INFOPLIST_KEY_UIApplicationSupportsIndirectInputEvents = YES;
				INFOPLIST_KEY_UILaunchStoryboardName = LaunchScreen;
				INFOPLIST_KEY_UIMainStoryboardFile = Main;
				INFOPLIST_KEY_UISupportedInterfaceOrientations_iPad = "UIInterfaceOrientationPortrait UIInterfaceOrientationPortraitUpsideDown UIInterfaceOrientationLandscapeLeft UIInterfaceOrientationLandscapeRight";
				INFOPLIST_KEY_UISupportedInterfaceOrientations_iPhone = "UIInterfaceOrientationPortrait UIInterfaceOrientationLandscapeLeft UIInterfaceOrientationLandscapeRight";
				LD_RUNPATH_SEARCH_PATHS = (
					"$(inherited)",
					"@executable_path/Frameworks",
				);
				MARKETING_VERSION = 1.0;
				PRODUCT_BUNDLE_IDENTIFIER = nwmissouri.edu.ClimateApp;
				PRODUCT_NAME = "$(TARGET_NAME)";
				SWIFT_EMIT_LOC_STRINGS = YES;
				SWIFT_VERSION = 5.0;
				TARGETED_DEVICE_FAMILY = "1,2";
			};
			name = Release;
		};
		69A1A2C829A50E2600AC9477 /* Debug */ = {
			isa = XCBuildConfiguration;
			buildSettings = {
				ALWAYS_EMBED_SWIFT_STANDARD_LIBRARIES = YES;
				BUNDLE_LOADER = "$(TEST_HOST)";
				CODE_SIGN_STYLE = Automatic;
				CURRENT_PROJECT_VERSION = 1;
				GENERATE_INFOPLIST_FILE = YES;
				IPHONEOS_DEPLOYMENT_TARGET = 15.5;
				MARKETING_VERSION = 1.0;
				PRODUCT_BUNDLE_IDENTIFIER = nwmissouri.edu.ClimateAppTests;
				PRODUCT_NAME = "$(TARGET_NAME)";
				SWIFT_EMIT_LOC_STRINGS = NO;
				SWIFT_VERSION = 5.0;
				TARGETED_DEVICE_FAMILY = "1,2";
				TEST_HOST = "$(BUILT_PRODUCTS_DIR)/ClimateApp.app/ClimateApp";
			};
			name = Debug;
		};
		69A1A2C929A50E2600AC9477 /* Release */ = {
			isa = XCBuildConfiguration;
			buildSettings = {
				ALWAYS_EMBED_SWIFT_STANDARD_LIBRARIES = YES;
				BUNDLE_LOADER = "$(TEST_HOST)";
				CODE_SIGN_STYLE = Automatic;
				CURRENT_PROJECT_VERSION = 1;
				GENERATE_INFOPLIST_FILE = YES;
				IPHONEOS_DEPLOYMENT_TARGET = 15.5;
				MARKETING_VERSION = 1.0;
				PRODUCT_BUNDLE_IDENTIFIER = nwmissouri.edu.ClimateAppTests;
				PRODUCT_NAME = "$(TARGET_NAME)";
				SWIFT_EMIT_LOC_STRINGS = NO;
				SWIFT_VERSION = 5.0;
				TARGETED_DEVICE_FAMILY = "1,2";
				TEST_HOST = "$(BUILT_PRODUCTS_DIR)/ClimateApp.app/ClimateApp";
			};
			name = Release;
		};
		69A1A2CB29A50E2600AC9477 /* Debug */ = {
			isa = XCBuildConfiguration;
			buildSettings = {
				ALWAYS_EMBED_SWIFT_STANDARD_LIBRARIES = YES;
				CODE_SIGN_STYLE = Automatic;
				CURRENT_PROJECT_VERSION = 1;
				GENERATE_INFOPLIST_FILE = YES;
				MARKETING_VERSION = 1.0;
				PRODUCT_BUNDLE_IDENTIFIER = nwmissouri.edu.ClimateAppUITests;
				PRODUCT_NAME = "$(TARGET_NAME)";
				SWIFT_EMIT_LOC_STRINGS = NO;
				SWIFT_VERSION = 5.0;
				TARGETED_DEVICE_FAMILY = "1,2";
				TEST_TARGET_NAME = ClimateApp;
			};
			name = Debug;
		};
		69A1A2CC29A50E2600AC9477 /* Release */ = {
			isa = XCBuildConfiguration;
			buildSettings = {
				ALWAYS_EMBED_SWIFT_STANDARD_LIBRARIES = YES;
				CODE_SIGN_STYLE = Automatic;
				CURRENT_PROJECT_VERSION = 1;
				GENERATE_INFOPLIST_FILE = YES;
				MARKETING_VERSION = 1.0;
				PRODUCT_BUNDLE_IDENTIFIER = nwmissouri.edu.ClimateAppUITests;
				PRODUCT_NAME = "$(TARGET_NAME)";
				SWIFT_EMIT_LOC_STRINGS = NO;
				SWIFT_VERSION = 5.0;
				TARGETED_DEVICE_FAMILY = "1,2";
				TEST_TARGET_NAME = ClimateApp;
			};
			name = Release;
		};
/* End XCBuildConfiguration section */

/* Begin XCConfigurationList section */
		69A1A29529A50E2300AC9477 /* Build configuration list for PBXProject "ClimateApp" */ = {
			isa = XCConfigurationList;
			buildConfigurations = (
				69A1A2C229A50E2600AC9477 /* Debug */,
				69A1A2C329A50E2600AC9477 /* Release */,
			);
			defaultConfigurationIsVisible = 0;
			defaultConfigurationName = Release;
		};
		69A1A2C429A50E2600AC9477 /* Build configuration list for PBXNativeTarget "ClimateApp" */ = {
			isa = XCConfigurationList;
			buildConfigurations = (
				69A1A2C529A50E2600AC9477 /* Debug */,
				69A1A2C629A50E2600AC9477 /* Release */,
			);
			defaultConfigurationIsVisible = 0;
			defaultConfigurationName = Release;
		};
		69A1A2C729A50E2600AC9477 /* Build configuration list for PBXNativeTarget "ClimateAppTests" */ = {
			isa = XCConfigurationList;
			buildConfigurations = (
				69A1A2C829A50E2600AC9477 /* Debug */,
				69A1A2C929A50E2600AC9477 /* Release */,
			);
			defaultConfigurationIsVisible = 0;
			defaultConfigurationName = Release;
		};
		69A1A2CA29A50E2600AC9477 /* Build configuration list for PBXNativeTarget "ClimateAppUITests" */ = {
			isa = XCConfigurationList;
			buildConfigurations = (
				69A1A2CB29A50E2600AC9477 /* Debug */,
				69A1A2CC29A50E2600AC9477 /* Release */,
			);
			defaultConfigurationIsVisible = 0;
			defaultConfigurationName = Release;
		};
/* End XCConfigurationList section */
	};
	rootObject = 69A1A29229A50E2300AC9477 /* Project object */;
}
